
Microsoft Visual Studio Solution File, Format Version 12.00
# Visual Studio Version 16
VisualStudioVersion = 16.0.31005.135
MinimumVisualStudioVersion = 10.0.40219.1
Project("{FAE04EC0-301F-11D3-BF4B-00C04F79EFBC}") = "ChatWS", "ChatWS\ChatWS.csproj", "{3ECF137D-680B-44EE-BA84-212F774E5937}"
EndProject
Project("{FAE04EC0-301F-11D3-BF4B-00C04F79EFBC}") = "JasonWeb", "JasonWeb\JasonWeb.csproj", "{CC4D9C18-CB79-4C01-93BC-FD8D7DDB85FD}"
EndProject
Global
	GlobalSection(SolutionConfigurationPlatforms) = preSolution
		Debug|Any CPU = Debug|Any CPU
		Release|Any CPU = Release|Any CPU
	EndGlobalSection
	GlobalSection(ProjectConfigurationPlatforms) = postSolution
		{3ECF137D-680B-44EE-BA84-212F774E5937}.Debug|Any CPU.ActiveCfg = Debug|Any CPU
		{3ECF137D-680B-44EE-BA84-212F774E5937}.Debug|Any CPU.Build.0 = Debug|Any CPU
		{3ECF137D-680B-44EE-BA84-212F774E5937}.Release|Any CPU.ActiveCfg = Release|Any CPU
		{3ECF137D-680B-44EE-BA84-212F774E5937}.Release|Any CPU.Build.0 = Release|Any CPU
		{CC4D9C18-CB79-4C01-93BC-FD8D7DDB85FD}.Debug|Any CPU.ActiveCfg = Debug|Any CPU
		{CC4D9C18-CB79-4C01-93BC-FD8D7DDB85FD}.Debug|Any CPU.Build.0 = Debug|Any CPU
		{CC4D9C18-CB79-4C01-93BC-FD8D7DDB85FD}.Release|Any CPU.ActiveCfg = Release|Any CPU
		{CC4D9C18-CB79-4C01-93BC-FD8D7DDB85FD}.Release|Any CPU.Build.0 = Release|Any CPU
	EndGlobalSection
	GlobalSection(SolutionProperties) = preSolution
		HideSolutionNode = FALSE
	EndGlobalSection
	GlobalSection(ExtensibilityGlobals) = postSolution
		SolutionGuid = {5A900FC9-9C18-420E-B78F-B4DFBC880452}
	EndGlobalSection
EndGlobal
